
Microsoft Visual Studio Solution File, Format Version 12.00
# Visual Studio Version 17
VisualStudioVersion = 17.6.33801.468
MinimumVisualStudioVersion = 10.0.40219.1
Project("{FAE04EC0-301F-11D3-BF4B-00C04F79EFBC}") = "BookStore", "BookStore\BookStore.csproj", "{36A32E06-42DA-492F-95B6-D4A2927C4F76}"
EndProject
Global
	GlobalSection(SolutionConfigurationPlatforms) = preSolution
		Debug|Any CPU = Debug|Any CPU
		Release|Any CPU = Release|Any CPU
	EndGlobalSection
	GlobalSection(ProjectConfigurationPlatforms) = postSolution
		{36A32E06-42DA-492F-95B6-D4A2927C4F76}.Debug|Any CPU.ActiveCfg = Debug|Any CPU
		{36A32E06-42DA-492F-95B6-D4A2927C4F76}.Debug|Any CPU.Build.0 = Debug|Any CPU
		{36A32E06-42DA-492F-95B6-D4A2927C4F76}.Release|Any CPU.ActiveCfg = Release|Any CPU
		{36A32E06-42DA-492F-95B6-D4A2927C4F76}.Release|Any CPU.Build.0 = Release|Any CPU
	EndGlobalSection
	GlobalSection(SolutionProperties) = preSolution
		HideSolutionNode = FALSE
	EndGlobalSection
	GlobalSection(ExtensibilityGlobals) = postSolution
		SolutionGuid = {D485200C-E3C9-49B2-8170-BD1B931AF877}
	EndGlobalSection
EndGlobal
